
Microsoft Visual Studio Solution File, Format Version 12.00
# Visual Studio 15
VisualStudioVersion = 15.0.27428.2005
MinimumVisualStudioVersion = 10.0.40219.1
Project("{FAE04EC0-301F-11D3-BF4B-00C04F79EFBC}") = "FindThePalindrome", "FindThePalindrome\FindThePalindrome.csproj", "{A9009600-6BB5-4B69-8743-3FD7857CBCD2}"
EndProject
Project("{FAE04EC0-301F-11D3-BF4B-00C04F79EFBC}") = "FindThePalindrome.Tests", "FindThePalindrome.Tests\FindThePalindrome.Tests.csproj", "{2551EB36-FDE0-4663-B34F-32577A9081F7}"
EndProject
Global
	GlobalSection(SolutionConfigurationPlatforms) = preSolution
		Debug|Any CPU = Debug|Any CPU
		Release|Any CPU = Release|Any CPU
	EndGlobalSection
	GlobalSection(ProjectConfigurationPlatforms) = postSolution
		{A9009600-6BB5-4B69-8743-3FD7857CBCD2}.Debug|Any CPU.ActiveCfg = Debug|Any CPU
		{A9009600-6BB5-4B69-8743-3FD7857CBCD2}.Debug|Any CPU.Build.0 = Debug|Any CPU
		{A9009600-6BB5-4B69-8743-3FD7857CBCD2}.Release|Any CPU.ActiveCfg = Release|Any CPU
		{A9009600-6BB5-4B69-8743-3FD7857CBCD2}.Release|Any CPU.Build.0 = Release|Any CPU
		{2551EB36-FDE0-4663-B34F-32577A9081F7}.Debug|Any CPU.ActiveCfg = Debug|Any CPU
		{2551EB36-FDE0-4663-B34F-32577A9081F7}.Debug|Any CPU.Build.0 = Debug|Any CPU
		{2551EB36-FDE0-4663-B34F-32577A9081F7}.Release|Any CPU.ActiveCfg = Release|Any CPU
		{2551EB36-FDE0-4663-B34F-32577A9081F7}.Release|Any CPU.Build.0 = Release|Any CPU
	EndGlobalSection
	GlobalSection(SolutionProperties) = preSolution
		HideSolutionNode = FALSE
	EndGlobalSection
	GlobalSection(ExtensibilityGlobals) = postSolution
		SolutionGuid = {5823DFE0-FAAA-49BD-8F3B-F630A9324F94}
	EndGlobalSection
EndGlobal
